// !$*UTF8*$!
{
	archiveVersion = 1;
	classes = {
	};
	objectVersion = 46;
	objects = {

/* Begin PBXBuildFile section */
		EF491F951D7444470095C40C /* main.m in Sources */ = {isa = PBXBuildFile; fileRef = EF491F941D7444470095C40C /* main.m */; };
		EF491F981D7444470095C40C /* AppDelegate.m in Sources */ = {isa = PBXBuildFile; fileRef = EF491F971D7444470095C40C /* AppDelegate.m */; };
		EF491FA01D7444470095C40C /* Assets.xcassets in Resources */ = {isa = PBXBuildFile; fileRef = EF491F9F1D7444470095C40C /* Assets.xcassets */; };
		EF491FA31D7444470095C40C /* LaunchScreen.storyboard in Resources */ = {isa = PBXBuildFile; fileRef = EF491FA11D7444470095C40C /* LaunchScreen.storyboard */; };
		EF491FAE1D7444470095C40C /* UI01Tests.m in Sources */ = {isa = PBXBuildFile; fileRef = EF491FAD1D7444470095C40C /* UI01Tests.m */; };
		EF491FBA1D744B980095C40C /* OneTableViewController.m in Sources */ = {isa = PBXBuildFile; fileRef = EF491FB91D744B980095C40C /* OneTableViewController.m */; };
		EF491FC01D7466210095C40C /* RootViewController.m in Sources */ = {isa = PBXBuildFile; fileRef = EF491FBF1D7466210095C40C /* RootViewController.m */; };
		EF491FC61D748D0E0095C40C /* TwoTableViewController.m in Sources */ = {isa = PBXBuildFile; fileRef = EF491FC51D748D0E0095C40C /* TwoTableViewController.m */; };
		EF491FC91D748F5F0095C40C /* ThreeTableViewController.m in Sources */ = {isa = PBXBuildFile; fileRef = EF491FC81D748F5F0095C40C /* ThreeTableViewController.m */; };
/* End PBXBuildFile section */

/* Begin PBXContainerItemProxy section */
		EF491FAA1D7444470095C40C /* PBXContainerItemProxy */ = {
			isa = PBXContainerItemProxy;
			containerPortal = EF491F881D7444470095C40C /* Project object */;
			proxyType = 1;
			remoteGlobalIDString = EF491F8F1D7444470095C40C;
			remoteInfo = UI01;
		};
/* End PBXContainerItemProxy section */

/* Begin PBXFileReference section */
		EF491F901D7444470095C40C /* UI01.app */ = {isa = PBXFileReference; explicitFileType = wrapper.application; includeInIndex = 0; path = UI01.app; sourceTree = BUILT_PRODUCTS_DIR; };
		EF491F941D7444470095C40C /* main.m */ = {isa = PBXFileReference; lastKnownFileType = sourcecode.c.objc; path = main.m; sourceTree = "<group>"; };
		EF491F961D7444470095C40C /* AppDelegate.h */ = {isa = PBXFileReference; lastKnownFileType = sourcecode.c.h; path = AppDelegate.h; sourceTree = "<group>"; };
		EF491F971D7444470095C40C /* AppDelegate.m */ = {isa = PBXFileReference; lastKnownFileType = sourcecode.c.objc; path = AppDelegate.m; sourceTree = "<group>"; };
		EF491F9F1D7444470095C40C /* Assets.xcassets */ = {isa = PBXFileReference; lastKnownFileType = folder.assetcatalog; path = Assets.xcassets; sourceTree = "<group>"; };
		EF491FA21D7444470095C40C /* Base */ = {isa = PBXFileReference; lastKnownFileType = file.storyboard; name = Base; path = Base.lproj/LaunchScreen.storyboard; sourceTree = "<group>"; };
		EF491FA41D7444470095C40C /* Info.plist */ = {isa = PBXFileReference; lastKnownFileType = text.plist.xml; path = Info.plist; sourceTree = "<group>"; };
		EF491FA91D7444470095C40C /* UI01Tests.xctest */ = {isa = PBXFileReference; explicitFileType = wrapper.cfbundle; includeInIndex = 0; path = UI01Tests.xctest; sourceTree = BUILT_PRODUCTS_DIR; };
		EF491FAD1D7444470095C40C /* UI01Tests.m */ = {isa = PBXFileReference; lastKnownFileType = sourcecode.c.objc; path = UI01Tests.m; sourceTree = "<group>"; };
		EF491FAF1D7444470095C40C /* Info.plist */ = {isa = PBXFileReference; lastKnownFileType = text.plist.xml; path = Info.plist; sourceTree = "<group>"; };
		EF491FB81D744B980095C40C /* OneTableViewController.h */ = {isa = PBXFileReference; fileEncoding = 4; lastKnownFileType = sourcecode.c.h; path = OneTableViewController.h; sourceTree = "<group>"; };
		EF491FB91D744B980095C40C /* OneTableViewController.m */ = {isa = PBXFileReference; fileEncoding = 4; lastKnownFileType = sourcecode.c.objc; path = OneTableViewController.m; sourceTree = "<group>"; };
		EF491FBE1D7466210095C40C /* RootViewController.h */ = {isa = PBXFileReference; fileEncoding = 4; lastKnownFileType = sourcecode.c.h; path = RootViewController.h; sourceTree = "<group>"; };
		EF491FBF1D7466210095C40C /* RootViewController.m */ = {isa = PBXFileReference; fileEncoding = 4; lastKnownFileType = sourcecode.c.objc; path = RootViewController.m; sourceTree = "<group>"; };
		EF491FC41D748D0E0095C40C /* TwoTableViewController.h */ = {isa = PBXFileReference; fileEncoding = 4; lastKnownFileType = sourcecode.c.h; path = TwoTableViewController.h; sourceTree = "<group>"; };
		EF491FC51D748D0E0095C40C /* TwoTableViewController.m */ = {isa = PBXFileReference; fileEncoding = 4; lastKnownFileType = sourcecode.c.objc; path = TwoTableViewController.m; sourceTree = "<group>"; };
		EF491FC71D748F5F0095C40C /* ThreeTableViewController.h */ = {isa = PBXFileReference; fileEncoding = 4; lastKnownFileType = sourcecode.c.h; path = ThreeTableViewController.h; sourceTree = "<group>"; };
		EF491FC81D748F5F0095C40C /* ThreeTableViewController.m */ = {isa = PBXFileReference; fileEncoding = 4; lastKnownFileType = sourcecode.c.objc; path = ThreeTableViewController.m; sourceTree = "<group>"; };
/* End PBXFileReference section */

/* Begin PBXFrameworksBuildPhase section */
		EF491F8D1D7444470095C40C /* Frameworks */ = {
			isa = PBXFrameworksBuildPhase;
			buildActionMask = 2147483647;
			files = (
			);
			runOnlyForDeploymentPostprocessing = 0;
		};
		EF491FA61D7444470095C40C /* Frameworks */ = {
			isa = PBXFrameworksBuildPhase;
			buildActionMask = 2147483647;
			files = (
			);
			runOnlyForDeploymentPostprocessing = 0;
		};
/* End PBXFrameworksBuildPhase section */

/* Begin PBXGroup section */
		EF491F871D7444470095C40C = {
			isa = PBXGroup;
			children = (
				EF491F921D7444470095C40C /* UI01 */,
				EF491FAC1D7444470095C40C /* UI01Tests */,
				EF491F911D7444470095C40C /* Products */,
			);
			sourceTree = "<group>";
		};
		EF491F911D7444470095C40C /* Products */ = {
			isa = PBXGroup;
			children = (
				EF491F901D7444470095C40C /* UI01.app */,
				EF491FA91D7444470095C40C /* UI01Tests.xctest */,
			);
			name = Products;
			sourceTree = "<group>";
		};
		EF491F921D7444470095C40C /* UI01 */ = {
			isa = PBXGroup;
			children = (
				EF491F961D7444470095C40C /* AppDelegate.h */,
				EF491F971D7444470095C40C /* AppDelegate.m */,
				EF491F9F1D7444470095C40C /* Assets.xcassets */,
				EF491FA11D7444470095C40C /* LaunchScreen.storyboard */,
				EF491FA41D7444470095C40C /* Info.plist */,
				EF491F931D7444470095C40C /* Supporting Files */,
				EF491FB81D744B980095C40C /* OneTableViewController.h */,
				EF491FB91D744B980095C40C /* OneTableViewController.m */,
				EF491FC41D748D0E0095C40C /* TwoTableViewController.h */,
				EF491FC51D748D0E0095C40C /* TwoTableViewController.m */,
				EF491FC71D748F5F0095C40C /* ThreeTableViewController.h */,
				EF491FC81D748F5F0095C40C /* ThreeTableViewController.m */,
				EF491FBE1D7466210095C40C /* RootViewController.h */,
				EF491FBF1D7466210095C40C /* RootViewController.m */,
			);
			path = UI01;
			sourceTree = "<group>";
		};
		EF491F931D7444470095C40C /* Supporting Files */ = {
			isa = PBXGroup;
			children = (
				EF491F941D7444470095C40C /* main.m */,
			);
			name = "Supporting Files";
			sourceTree = "<group>";
		};
		EF491FAC1D7444470095C40C /* UI01Tests */ = {
			isa = PBXGroup;
			children = (
				EF491FAD1D7444470095C40C /* UI01Tests.m */,
				EF491FAF1D7444470095C40C /* Info.plist */,
			);
			path = UI01Tests;
			sourceTree = "<group>";
		};
/* End PBXGroup section */

/* Begin PBXNativeTarget section */
		EF491F8F1D7444470095C40C /* UI01 */ = {
			isa = PBXNativeTarget;
			buildConfigurationList = EF491FB21D7444470095C40C /* Build configuration list for PBXNativeTarget "UI01" */;
			buildPhases = (
				EF491F8C1D7444470095C40C /* Sources */,
				EF491F8D1D7444470095C40C /* Frameworks */,
				EF491F8E1D7444470095C40C /* Resources */,
			);
			buildRules = (
			);
			dependencies = (
			);
			name = UI01;
			productName = UI01;
			productReference = EF491F901D7444470095C40C /* UI01.app */;
			productType = "com.apple.product-type.application";
		};
		EF491FA81D7444470095C40C /* UI01Tests */ = {
			isa = PBXNativeTarget;
			buildConfigurationList = EF491FB51D7444470095C40C /* Build configuration list for PBXNativeTarget "UI01Tests" */;
			buildPhases = (
				EF491FA51D7444470095C40C /* Sources */,
				EF491FA61D7444470095C40C /* Frameworks */,
				EF491FA71D7444470095C40C /* Resources */,
			);
			buildRules = (
			);
			dependencies = (
				EF491FAB1D7444470095C40C /* PBXTargetDependency */,
			);
			name = UI01Tests;
			productName = UI01Tests;
			productReference = EF491FA91D7444470095C40C /* UI01Tests.xctest */;
			productType = "com.apple.product-type.bundle.unit-test";
		};
/* End PBXNativeTarget section */

/* Begin PBXProject section */
		EF491F881D7444470095C40C /* Project object */ = {
			isa = PBXProject;
			attributes = {
				LastUpgradeCheck = 0730;
				ORGANIZATIONNAME = "闫合";
				TargetAttributes = {
					EF491F8F1D7444470095C40C = {
						CreatedOnToolsVersion = 7.3.1;
						DevelopmentTeam = ASJRZUNWE7;
					};
					EF491FA81D7444470095C40C = {
						CreatedOnToolsVersion = 7.3.1;
						DevelopmentTeam = ASJRZUNWE7;
						TestTargetID = EF491F8F1D7444470095C40C;
					};
				};
			};
			buildConfigurationList = EF491F8B1D7444470095C40C /* Build configuration list for PBXProject "UI01" */;
			compatibilityVersion = "Xcode 3.2";
			developmentRegion = English;
			hasScannedForEncodings = 0;
			knownRegions = (
				en,
				Base,
			);
			mainGroup = EF491F871D7444470095C40C;
			productRefGroup = EF491F911D7444470095C40C /* Products */;
			projectDirPath = "";
			projectRoot = "";
			targets = (
				EF491F8F1D7444470095C40C /* UI01 */,
				EF491FA81D7444470095C40C /* UI01Tests */,
			);
		};
/* End PBXProject section */

/* Begin PBXResourcesBuildPhase section */
		EF491F8E1D7444470095C40C /* Resources */ = {
			isa = PBXResourcesBuildPhase;
			buildActionMask = 2147483647;
			files = (
				EF491FA31D7444470095C40C /* LaunchScreen.storyboard in Resources */,
				EF491FA01D7444470095C40C /* Assets.xcassets in Resources */,
			);
			runOnlyForDeploymentPostprocessing = 0;
		};
		EF491FA71D7444470095C40C /* Resources */ = {
			isa = PBXResourcesBuildPhase;
			buildActionMask = 2147483647;
			files = (
			);
			runOnlyForDeploymentPostprocessing = 0;
		};
/* End PBXResourcesBuildPhase section */

/* Begin PBXSourcesBuildPhase section */
		EF491F8C1D7444470095C40C /* Sources */ = {
			isa = PBXSourcesBuildPhase;
			buildActionMask = 2147483647;
			files = (
				EF491FBA1D744B980095C40C /* OneTableViewController.m in Sources */,
				EF491F981D7444470095C40C /* AppDelegate.m in Sources */,
				EF491FC61D748D0E0095C40C /* TwoTableViewController.m in Sources */,
				EF491FC91D748F5F0095C40C /* ThreeTableViewController.m in Sources */,
				EF491F951D7444470095C40C /* main.m in Sources */,
				EF491FC01D7466210095C40C /* RootViewController.m in Sources */,
			);
			runOnlyForDeploymentPostprocessing = 0;
		};
		EF491FA51D7444470095C40C /* Sources */ = {
			isa = PBXSourcesBuildPhase;
			buildActionMask = 2147483647;
			files = (
				EF491FAE1D7444470095C40C /* UI01Tests.m in Sources */,
			);
			runOnlyForDeploymentPostprocessing = 0;
		};
/* End PBXSourcesBuildPhase section */

/* Begin PBXTargetDependency section */
		EF491FAB1D7444470095C40C /* PBXTargetDependency */ = {
			isa = PBXTargetDependency;
			target = EF491F8F1D7444470095C40C /* UI01 */;
			targetProxy = EF491FAA1D7444470095C40C /* PBXContainerItemProxy */;
		};
/* End PBXTargetDependency section */

/* Begin PBXVariantGroup section */
		EF491FA11D7444470095C40C /* LaunchScreen.storyboard */ = {
			isa = PBXVariantGroup;
			children = (
				EF491FA21D7444470095C40C /* Base */,
			);
			name = LaunchScreen.storyboard;
			sourceTree = "<group>";
		};
/* End PBXVariantGroup section */

/* Begin XCBuildConfiguration section */
		EF491FB01D7444470095C40C /* Debug */ = {
			isa = XCBuildConfiguration;
			buildSettings = {
				ALWAYS_SEARCH_USER_PATHS = NO;
				CLANG_ANALYZER_NONNULL = YES;
				CLANG_CXX_LANGUAGE_STANDARD = "gnu++0x";
				CLANG_CXX_LIBRARY = "libc++";
				CLANG_ENABLE_MODULES = YES;
				CLANG_ENABLE_OBJC_ARC = YES;
				CLANG_WARN_BOOL_CONVERSION = YES;
				CLANG_WARN_CONSTANT_CONVERSION = YES;
				CLANG_WARN_DIRECT_OBJC_ISA_USAGE = YES_ERROR;
				CLANG_WARN_EMPTY_BODY = YES;
				CLANG_WARN_ENUM_CONVERSION = YES;
				CLANG_WARN_INT_CONVERSION = YES;
				CLANG_WARN_OBJC_ROOT_CLASS = YES_ERROR;
				CLANG_WARN_UNREACHABLE_CODE = YES;
				CLANG_WARN__DUPLICATE_METHOD_MATCH = YES;
				"CODE_SIGN_IDENTITY[sdk=iphoneos*]" = "iPhone Developer";
				COPY_PHASE_STRIP = NO;
				DEBUG_INFORMATION_FORMAT = dwarf;
				ENABLE_STRICT_OBJC_MSGSEND = YES;
				ENABLE_TESTABILITY = YES;
				GCC_C_LANGUAGE_STANDARD = gnu99;
				GCC_DYNAMIC_NO_PIC = NO;
				GCC_NO_COMMON_BLOCKS = YES;
				GCC_OPTIMIZATION_LEVEL = 0;
				GCC_PREPROCESSOR_DEFINITIONS = (
					"DEBUG=1",
					"$(inherited)",
				);
				GCC_WARN_64_TO_32_BIT_CONVERSION = YES;
				GCC_WARN_ABOUT_RETURN_TYPE = YES_ERROR;
				GCC_WARN_UNDECLARED_SELECTOR = YES;
				GCC_WARN_UNINITIALIZED_AUTOS = YES_AGGRESSIVE;
				GCC_WARN_UNUSED_FUNCTION = YES;
				GCC_WARN_UNUSED_VARIABLE = YES;
				IPHONEOS_DEPLOYMENT_TARGET = 9.3;
				MTL_ENABLE_DEBUG_INFO = YES;
				ONLY_ACTIVE_ARCH = YES;
				SDKROOT = iphoneos;
			};
			name = Debug;
		};
		EF491FB11D7444470095C40C /* Release */ = {
			isa = XCBuildConfiguration;
			buildSettings = {
				ALWAYS_SEARCH_USER_PATHS = NO;
				CLANG_ANALYZER_NONNULL = YES;
				CLANG_CXX_LANGUAGE_STANDARD = "gnu++0x";
				CLANG_CXX_LIBRARY = "libc++";
				CLANG_ENABLE_MODULES = YES;
				CLANG_ENABLE_OBJC_ARC = YES;
				CLANG_WARN_BOOL_CONVERSION = YES;
				CLANG_WARN_CONSTANT_CONVERSION = YES;
				CLANG_WARN_DIRECT_OBJC_ISA_USAGE = YES_ERROR;
				CLANG_WARN_EMPTY_BODY = YES;
				CLANG_WARN_ENUM_CONVERSION = YES;
				CLANG_WARN_INT_CONVERSION = YES;
				CLANG_WARN_OBJC_ROOT_CLASS = YES_ERROR;
				CLANG_WARN_UNREACHABLE_CODE = YES;
				CLANG_WARN__DUPLICATE_METHOD_MATCH = YES;
				"CODE_SIGN_IDENTITY[sdk=iphoneos*]" = "iPhone Developer";
				COPY_PHASE_STRIP = NO;
				DEBUG_INFORMATION_FORMAT = "dwarf-with-dsym";
				ENABLE_NS_ASSERTIONS = NO;
				ENABLE_STRICT_OBJC_MSGSEND = YES;
				GCC_C_LANGUAGE_STANDARD = gnu99;
				GCC_NO_COMMON_BLOCKS = YES;
				GCC_WARN_64_TO_32_BIT_CONVERSION = YES;
				GCC_WARN_ABOUT_RETURN_TYPE = YES_ERROR;
				GCC_WARN_UNDECLARED_SELECTOR = YES;
				GCC_WARN_UNINITIALIZED_AUTOS = YES_AGGRESSIVE;
				GCC_WARN_UNUSED_FUNCTION = YES;
				GCC_WARN_UNUSED_VARIABLE = YES;
				IPHONEOS_DEPLOYMENT_TARGET = 9.3;
				MTL_ENABLE_DEBUG_INFO = NO;
				SDKROOT = iphoneos;
				VALIDATE_PRODUCT = YES;
			};
			name = Release;
		};
		EF491FB31D7444470095C40C /* Debug */ = {
			isa = XCBuildConfiguration;
			buildSettings = {
				ASSETCATALOG_COMPILER_APPICON_NAME = AppIcon;
				INFOPLIST_FILE = UI01/Info.plist;
				LD_RUNPATH_SEARCH_PATHS = "$(inherited) @executable_path/Frameworks";
				PRODUCT_BUNDLE_IDENTIFIER = com.yanhe.UI01;
				PRODUCT_NAME = "$(TARGET_NAME)";
			};
			name = Debug;
		};
		EF491FB41D7444470095C40C /* Release */ = {
			isa = XCBuildConfiguration;
			buildSettings = {
				ASSETCATALOG_COMPILER_APPICON_NAME = AppIcon;
				INFOPLIST_FILE = UI01/Info.plist;
				LD_RUNPATH_SEARCH_PATHS = "$(inherited) @executable_path/Frameworks";
				PRODUCT_BUNDLE_IDENTIFIER = com.yanhe.UI01;
				PRODUCT_NAME = "$(TARGET_NAME)";
			};
			name = Release;
		};
		EF491FB61D7444470095C40C /* Debug */ = {
			isa = XCBuildConfiguration;
			buildSettings = {
				BUNDLE_LOADER = "$(TEST_HOST)";
				INFOPLIST_FILE = UI01Tests/Info.plist;
				LD_RUNPATH_SEARCH_PATHS = "$(inherited) @executable_path/Frameworks @loader_path/Frameworks";
				PRODUCT_BUNDLE_IDENTIFIER = com.yanhe.UI01Tests;
				PRODUCT_NAME = "$(TARGET_NAME)";
				TEST_HOST = "$(BUILT_PRODUCTS_DIR)/UI01.app/UI01";
			};
			name = Debug;
		};
		EF491FB71D7444470095C40C /* Release */ = {
			isa = XCBuildConfiguration;
			buildSettings = {
				BUNDLE_LOADER = "$(TEST_HOST)";
				INFOPLIST_FILE = UI01Tests/Info.plist;
				LD_RUNPATH_SEARCH_PATHS = "$(inherited) @executable_path/Frameworks @loader_path/Frameworks";
				PRODUCT_BUNDLE_IDENTIFIER = com.yanhe.UI01Tests;
				PRODUCT_NAME = "$(TARGET_NAME)";
				TEST_HOST = "$(BUILT_PRODUCTS_DIR)/UI01.app/UI01";
			};
			name = Release;
		};
/* End XCBuildConfiguration section */

/* Begin XCConfigurationList section */
		EF491F8B1D7444470095C40C /* Build configuration list for PBXProject "UI01" */ = {
			isa = XCConfigurationList;
			buildConfigurations = (
				EF491FB01D7444470095C40C /* Debug */,
				EF491FB11D7444470095C40C /* Release */,
			);
			defaultConfigurationIsVisible = 0;
			defaultConfigurationName = Release;
		};
		EF491FB21D7444470095C40C /* Build configuration list for PBXNativeTarget "UI01" */ = {
			isa = XCConfigurationList;
			buildConfigurations = (
				EF491FB31D7444470095C40C /* Debug */,
				EF491FB41D7444470095C40C /* Release */,
			);
			defaultConfigurationIsVisible = 0;
		};
		EF491FB51D7444470095C40C /* Build configuration list for PBXNativeTarget "UI01Tests" */ = {
			isa = XCConfigurationList;
			buildConfigurations = (
				EF491FB61D7444470095C40C /* Debug */,
				EF491FB71D7444470095C40C /* Release */,
			);
			defaultConfigurationIsVisible = 0;
		};
/* End XCConfigurationList section */
	};
	rootObject = EF491F881D7444470095C40C /* Project object */;
}
